
Microsoft Visual Studio Solution File, Format Version 12.00
# Visual Studio 15
VisualStudioVersion = 15.0.28307.329
MinimumVisualStudioVersion = 10.0.40219.1
Project("{FAE04EC0-301F-11D3-BF4B-00C04F79EFBC}") = "BookshelfDataReader", "BookshelfDataReader\BookshelfDataReader.csproj", "{F919FFF4-2FA9-4FF1-86DB-985CC6EDB154}"
EndProject
Project("{FAE04EC0-301F-11D3-BF4B-00C04F79EFBC}") = "DataProviderFactory", "DataProviderFactory\DataProviderFactory.csproj", "{88380614-47FD-460B-8BD1-C5FC5B288D0F}"
EndProject
Project("{FAE04EC0-301F-11D3-BF4B-00C04F79EFBC}") = "BookshelfDAL", "BookshelfDAL\BookshelfDAL.csproj", "{C789371A-E5B7-4588-946D-4869FE7AA933}"
EndProject
Project("{FAE04EC0-301F-11D3-BF4B-00C04F79EFBC}") = "BookshelfCUIClient", "BookshelfCUIClient\BookshelfCUIClient.csproj", "{8329917A-6AAD-4E4F-9275-D6F6D72D7E6F}"
EndProject
Project("{FAE04EC0-301F-11D3-BF4B-00C04F79EFBC}") = "AdoNetTransaction", "AdoNetTransaction\AdoNetTransaction.csproj", "{B148E45F-9B77-4D84-8E33-31EA2582824A}"
EndProject
Project("{FAE04EC0-301F-11D3-BF4B-00C04F79EFBC}") = "SimpleDataSet", "SimpleDataSet\SimpleDataSet.csproj", "{B2F61D9B-723D-4850-9AA6-845AAFDBB3F9}"
EndProject
Project("{FAE04EC0-301F-11D3-BF4B-00C04F79EFBC}") = "WinFormsDataBinding", "WinFormsDataBinding\WinFormsDataBinding.csproj", "{D6B0D400-FD0F-4B7A-A4CA-EDBBA56F7434}"
EndProject
Project("{FAE04EC0-301F-11D3-BF4B-00C04F79EFBC}") = "FillDataSetUsingSqlDataAdapter", "FillDataSetUsingSqlDataAdapter\FillDataSetUsingSqlDataAdapter.csproj", "{CB00CC80-4DB6-49B2-B3D0-9BADE6898D57}"
EndProject
Project("{FAE04EC0-301F-11D3-BF4B-00C04F79EFBC}") = "InventoryDALDCGUI", "InventoryDALDCGUI\InventoryDALDCGUI.csproj", "{CB2675A7-273D-45C0-9060-B0B160B0D87D}"
EndProject
Project("{FAE04EC0-301F-11D3-BF4B-00C04F79EFBC}") = "MultitabledDataSetApp", "MultitabledDataSetApp\MultitabledDataSetApp.csproj", "{21C7C7FF-5004-448F-B6F2-790D4B873F15}"
EndProject
Project("{FAE04EC0-301F-11D3-BF4B-00C04F79EFBC}") = "DataGridViewDataDesigner", "DataGridViewDataDesigner\DataGridViewDataDesigner.csproj", "{D716C2C5-D217-4769-AC18-212E7CA0D373}"
EndProject
Project("{FAE04EC0-301F-11D3-BF4B-00C04F79EFBC}") = "StronglyTypedDataSetConsoleClient", "StronglyTypedDataSetConsoleClient\StronglyTypedDataSetConsoleClient.csproj", "{6B749A5F-DDAC-4412-AD39-6EACB0A769BB}"
EndProject
Project("{FAE04EC0-301F-11D3-BF4B-00C04F79EFBC}") = "BookshelfConsoleApp", "BookshelfConsoleApp\BookshelfConsoleApp.csproj", "{FD8066D2-0A30-40E6-ADC9-FA07704B62A0}"
EndProject
Project("{FAE04EC0-301F-11D3-BF4B-00C04F79EFBC}") = "BookshelfDALEF", "BookshelfDALEF\BookshelfDALEF.csproj", "{A0A07271-ACF1-4240-864C-65E95F72ECCA}"
EndProject
Project("{FAE04EC0-301F-11D3-BF4B-00C04F79EFBC}") = "BookshelfTestApp", "BookshelfTestApp\BookshelfTestApp.csproj", "{AAF55737-4E09-46DE-BE6A-B68231F36275}"
EndProject
Global
	GlobalSection(SolutionConfigurationPlatforms) = preSolution
		Debug|Any CPU = Debug|Any CPU
		Release|Any CPU = Release|Any CPU
	EndGlobalSection
	GlobalSection(ProjectConfigurationPlatforms) = postSolution
		{F919FFF4-2FA9-4FF1-86DB-985CC6EDB154}.Debug|Any CPU.ActiveCfg = Debug|Any CPU
		{F919FFF4-2FA9-4FF1-86DB-985CC6EDB154}.Debug|Any CPU.Build.0 = Debug|Any CPU
		{F919FFF4-2FA9-4FF1-86DB-985CC6EDB154}.Release|Any CPU.ActiveCfg = Release|Any CPU
		{F919FFF4-2FA9-4FF1-86DB-985CC6EDB154}.Release|Any CPU.Build.0 = Release|Any CPU
		{88380614-47FD-460B-8BD1-C5FC5B288D0F}.Debug|Any CPU.ActiveCfg = Debug|Any CPU
		{88380614-47FD-460B-8BD1-C5FC5B288D0F}.Debug|Any CPU.Build.0 = Debug|Any CPU
		{88380614-47FD-460B-8BD1-C5FC5B288D0F}.Release|Any CPU.ActiveCfg = Release|Any CPU
		{88380614-47FD-460B-8BD1-C5FC5B288D0F}.Release|Any CPU.Build.0 = Release|Any CPU
		{C789371A-E5B7-4588-946D-4869FE7AA933}.Debug|Any CPU.ActiveCfg = Debug|Any CPU
		{C789371A-E5B7-4588-946D-4869FE7AA933}.Debug|Any CPU.Build.0 = Debug|Any CPU
		{C789371A-E5B7-4588-946D-4869FE7AA933}.Release|Any CPU.ActiveCfg = Release|Any CPU
		{C789371A-E5B7-4588-946D-4869FE7AA933}.Release|Any CPU.Build.0 = Release|Any CPU
		{8329917A-6AAD-4E4F-9275-D6F6D72D7E6F}.Debug|Any CPU.ActiveCfg = Debug|Any CPU
		{8329917A-6AAD-4E4F-9275-D6F6D72D7E6F}.Debug|Any CPU.Build.0 = Debug|Any CPU
		{8329917A-6AAD-4E4F-9275-D6F6D72D7E6F}.Release|Any CPU.ActiveCfg = Release|Any CPU
		{8329917A-6AAD-4E4F-9275-D6F6D72D7E6F}.Release|Any CPU.Build.0 = Release|Any CPU
		{B148E45F-9B77-4D84-8E33-31EA2582824A}.Debug|Any CPU.ActiveCfg = Debug|Any CPU
		{B148E45F-9B77-4D84-8E33-31EA2582824A}.Debug|Any CPU.Build.0 = Debug|Any CPU
		{B148E45F-9B77-4D84-8E33-31EA2582824A}.Release|Any CPU.ActiveCfg = Release|Any CPU
		{B148E45F-9B77-4D84-8E33-31EA2582824A}.Release|Any CPU.Build.0 = Release|Any CPU
		{B2F61D9B-723D-4850-9AA6-845AAFDBB3F9}.Debug|Any CPU.ActiveCfg = Debug|Any CPU
		{B2F61D9B-723D-4850-9AA6-845AAFDBB3F9}.Debug|Any CPU.Build.0 = Debug|Any CPU
		{B2F61D9B-723D-4850-9AA6-845AAFDBB3F9}.Release|Any CPU.ActiveCfg = Release|Any CPU
		{B2F61D9B-723D-4850-9AA6-845AAFDBB3F9}.Release|Any CPU.Build.0 = Release|Any CPU
		{D6B0D400-FD0F-4B7A-A4CA-EDBBA56F7434}.Debug|Any CPU.ActiveCfg = Debug|Any CPU
		{D6B0D400-FD0F-4B7A-A4CA-EDBBA56F7434}.Debug|Any CPU.Build.0 = Debug|Any CPU
		{D6B0D400-FD0F-4B7A-A4CA-EDBBA56F7434}.Release|Any CPU.ActiveCfg = Release|Any CPU
		{D6B0D400-FD0F-4B7A-A4CA-EDBBA56F7434}.Release|Any CPU.Build.0 = Release|Any CPU
		{CB00CC80-4DB6-49B2-B3D0-9BADE6898D57}.Debug|Any CPU.ActiveCfg = Debug|Any CPU
		{CB00CC80-4DB6-49B2-B3D0-9BADE6898D57}.Debug|Any CPU.Build.0 = Debug|Any CPU
		{CB00CC80-4DB6-49B2-B3D0-9BADE6898D57}.Release|Any CPU.ActiveCfg = Release|Any CPU
		{CB00CC80-4DB6-49B2-B3D0-9BADE6898D57}.Release|Any CPU.Build.0 = Release|Any CPU
		{CB2675A7-273D-45C0-9060-B0B160B0D87D}.Debug|Any CPU.ActiveCfg = Debug|Any CPU
		{CB2675A7-273D-45C0-9060-B0B160B0D87D}.Debug|Any CPU.Build.0 = Debug|Any CPU
		{CB2675A7-273D-45C0-9060-B0B160B0D87D}.Release|Any CPU.ActiveCfg = Release|Any CPU
		{CB2675A7-273D-45C0-9060-B0B160B0D87D}.Release|Any CPU.Build.0 = Release|Any CPU
		{21C7C7FF-5004-448F-B6F2-790D4B873F15}.Debug|Any CPU.ActiveCfg = Debug|Any CPU
		{21C7C7FF-5004-448F-B6F2-790D4B873F15}.Debug|Any CPU.Build.0 = Debug|Any CPU
		{21C7C7FF-5004-448F-B6F2-790D4B873F15}.Release|Any CPU.ActiveCfg = Release|Any CPU
		{21C7C7FF-5004-448F-B6F2-790D4B873F15}.Release|Any CPU.Build.0 = Release|Any CPU
		{D716C2C5-D217-4769-AC18-212E7CA0D373}.Debug|Any CPU.ActiveCfg = Debug|Any CPU
		{D716C2C5-D217-4769-AC18-212E7CA0D373}.Debug|Any CPU.Build.0 = Debug|Any CPU
		{D716C2C5-D217-4769-AC18-212E7CA0D373}.Release|Any CPU.ActiveCfg = Release|Any CPU
		{D716C2C5-D217-4769-AC18-212E7CA0D373}.Release|Any CPU.Build.0 = Release|Any CPU
		{6B749A5F-DDAC-4412-AD39-6EACB0A769BB}.Debug|Any CPU.ActiveCfg = Debug|Any CPU
		{6B749A5F-DDAC-4412-AD39-6EACB0A769BB}.Debug|Any CPU.Build.0 = Debug|Any CPU
		{6B749A5F-DDAC-4412-AD39-6EACB0A769BB}.Release|Any CPU.ActiveCfg = Release|Any CPU
		{6B749A5F-DDAC-4412-AD39-6EACB0A769BB}.Release|Any CPU.Build.0 = Release|Any CPU
		{FD8066D2-0A30-40E6-ADC9-FA07704B62A0}.Debug|Any CPU.ActiveCfg = Debug|Any CPU
		{FD8066D2-0A30-40E6-ADC9-FA07704B62A0}.Debug|Any CPU.Build.0 = Debug|Any CPU
		{FD8066D2-0A30-40E6-ADC9-FA07704B62A0}.Release|Any CPU.ActiveCfg = Release|Any CPU
		{FD8066D2-0A30-40E6-ADC9-FA07704B62A0}.Release|Any CPU.Build.0 = Release|Any CPU
		{A0A07271-ACF1-4240-864C-65E95F72ECCA}.Debug|Any CPU.ActiveCfg = Debug|Any CPU
		{A0A07271-ACF1-4240-864C-65E95F72ECCA}.Debug|Any CPU.Build.0 = Debug|Any CPU
		{A0A07271-ACF1-4240-864C-65E95F72ECCA}.Release|Any CPU.ActiveCfg = Release|Any CPU
		{A0A07271-ACF1-4240-864C-65E95F72ECCA}.Release|Any CPU.Build.0 = Release|Any CPU
		{AAF55737-4E09-46DE-BE6A-B68231F36275}.Debug|Any CPU.ActiveCfg = Debug|Any CPU
		{AAF55737-4E09-46DE-BE6A-B68231F36275}.Debug|Any CPU.Build.0 = Debug|Any CPU
		{AAF55737-4E09-46DE-BE6A-B68231F36275}.Release|Any CPU.ActiveCfg = Release|Any CPU
		{AAF55737-4E09-46DE-BE6A-B68231F36275}.Release|Any CPU.Build.0 = Release|Any CPU
	EndGlobalSection
	GlobalSection(SolutionProperties) = preSolution
		HideSolutionNode = FALSE
	EndGlobalSection
	GlobalSection(ExtensibilityGlobals) = postSolution
		SolutionGuid = {D5C02315-6970-4ECF-8F73-0937BB72DA67}
	EndGlobalSection
EndGlobal
